// !$*UTF8*$!
{
	archiveVersion = 1;
	classes = {
	};
	objectVersion = 50;
	objects = {

/* Begin PBXBuildFile section */
		14A1E07E230B89DA00B49413 /* AppDelegate.swift in Sources */ = {isa = PBXBuildFile; fileRef = 14A1E07D230B89DA00B49413 /* AppDelegate.swift */; };
		14A1E080230B89DA00B49413 /* ViewController.swift in Sources */ = {isa = PBXBuildFile; fileRef = 14A1E07F230B89DA00B49413 /* ViewController.swift */; };
		14A1E083230B89DA00B49413 /* Main.storyboard in Resources */ = {isa = PBXBuildFile; fileRef = 14A1E081230B89DA00B49413 /* Main.storyboard */; };
		14A1E085230B89DA00B49413 /* Assets.xcassets in Resources */ = {isa = PBXBuildFile; fileRef = 14A1E084230B89DA00B49413 /* Assets.xcassets */; };
		14A1E088230B89DA00B49413 /* LaunchScreen.storyboard in Resources */ = {isa = PBXBuildFile; fileRef = 14A1E086230B89DA00B49413 /* LaunchScreen.storyboard */; };
		14A1E093230B89DA00B49413 /* class03_1Tests.swift in Sources */ = {isa = PBXBuildFile; fileRef = 14A1E092230B89DA00B49413 /* class03_1Tests.swift */; };
		14A1E09E230B89DA00B49413 /* class03_1UITests.swift in Sources */ = {isa = PBXBuildFile; fileRef = 14A1E09D230B89DA00B49413 /* class03_1UITests.swift */; };
/* End PBXBuildFile section */

/* Begin PBXContainerItemProxy section */
		14A1E08F230B89DA00B49413 /* PBXContainerItemProxy */ = {
			isa = PBXContainerItemProxy;
			containerPortal = 14A1E072230B89DA00B49413 /* Project object */;
			proxyType = 1;
			remoteGlobalIDString = 14A1E079230B89DA00B49413;
			remoteInfo = "class03-1";
		};
		14A1E09A230B89DA00B49413 /* PBXContainerItemProxy */ = {
			isa = PBXContainerItemProxy;
			containerPortal = 14A1E072230B89DA00B49413 /* Project object */;
			proxyType = 1;
			remoteGlobalIDString = 14A1E079230B89DA00B49413;
			remoteInfo = "class03-1";
		};
/* End PBXContainerItemProxy section */

/* Begin PBXFileReference section */
		14A1E07A230B89DA00B49413 /* class03-1.app */ = {isa = PBXFileReference; explicitFileType = wrapper.application; includeInIndex = 0; path = "class03-1.app"; sourceTree = BUILT_PRODUCTS_DIR; };
		14A1E07D230B89DA00B49413 /* AppDelegate.swift */ = {isa = PBXFileReference; lastKnownFileType = sourcecode.swift; path = AppDelegate.swift; sourceTree = "<group>"; };
		14A1E07F230B89DA00B49413 /* ViewController.swift */ = {isa = PBXFileReference; lastKnownFileType = sourcecode.swift; path = ViewController.swift; sourceTree = "<group>"; };
		14A1E082230B89DA00B49413 /* Base */ = {isa = PBXFileReference; lastKnownFileType = file.storyboard; name = Base; path = Base.lproj/Main.storyboard; sourceTree = "<group>"; };
		14A1E084230B89DA00B49413 /* Assets.xcassets */ = {isa = PBXFileReference; lastKnownFileType = folder.assetcatalog; path = Assets.xcassets; sourceTree = "<group>"; };
		14A1E087230B89DA00B49413 /* Base */ = {isa = PBXFileReference; lastKnownFileType = file.storyboard; name = Base; path = Base.lproj/LaunchScreen.storyboard; sourceTree = "<group>"; };
		14A1E089230B89DA00B49413 /* Info.plist */ = {isa = PBXFileReference; lastKnownFileType = text.plist.xml; path = Info.plist; sourceTree = "<group>"; };
		14A1E08E230B89DA00B49413 /* class03-1Tests.xctest */ = {isa = PBXFileReference; explicitFileType = wrapper.cfbundle; includeInIndex = 0; path = "class03-1Tests.xctest"; sourceTree = BUILT_PRODUCTS_DIR; };
		14A1E092230B89DA00B49413 /* class03_1Tests.swift */ = {isa = PBXFileReference; lastKnownFileType = sourcecode.swift; path = class03_1Tests.swift; sourceTree = "<group>"; };
		14A1E094230B89DA00B49413 /* Info.plist */ = {isa = PBXFileReference; lastKnownFileType = text.plist.xml; path = Info.plist; sourceTree = "<group>"; };
		14A1E099230B89DA00B49413 /* class03-1UITests.xctest */ = {isa = PBXFileReference; explicitFileType = wrapper.cfbundle; includeInIndex = 0; path = "class03-1UITests.xctest"; sourceTree = BUILT_PRODUCTS_DIR; };
		14A1E09D230B89DA00B49413 /* class03_1UITests.swift */ = {isa = PBXFileReference; lastKnownFileType = sourcecode.swift; path = class03_1UITests.swift; sourceTree = "<group>"; };
		14A1E09F230B89DA00B49413 /* Info.plist */ = {isa = PBXFileReference; lastKnownFileType = text.plist.xml; path = Info.plist; sourceTree = "<group>"; };
/* End PBXFileReference section */

/* Begin PBXFrameworksBuildPhase section */
		14A1E077230B89DA00B49413 /* Frameworks */ = {
			isa = PBXFrameworksBuildPhase;
			buildActionMask = 2147483647;
			files = (
			);
			runOnlyForDeploymentPostprocessing = 0;
		};
		14A1E08B230B89DA00B49413 /* Frameworks */ = {
			isa = PBXFrameworksBuildPhase;
			buildActionMask = 2147483647;
			files = (
			);
			runOnlyForDeploymentPostprocessing = 0;
		};
		14A1E096230B89DA00B49413 /* Frameworks */ = {
			isa = PBXFrameworksBuildPhase;
			buildActionMask = 2147483647;
			files = (
			);
			runOnlyForDeploymentPostprocessing = 0;
		};
/* End PBXFrameworksBuildPhase section */

/* Begin PBXGroup section */
		14A1E071230B89DA00B49413 = {
			isa = PBXGroup;
			children = (
				14A1E07C230B89DA00B49413 /* class03-1 */,
				14A1E091230B89DA00B49413 /* class03-1Tests */,
				14A1E09C230B89DA00B49413 /* class03-1UITests */,
				14A1E07B230B89DA00B49413 /* Products */,
			);
			sourceTree = "<group>";
		};
		14A1E07B230B89DA00B49413 /* Products */ = {
			isa = PBXGroup;
			children = (
				14A1E07A230B89DA00B49413 /* class03-1.app */,
				14A1E08E230B89DA00B49413 /* class03-1Tests.xctest */,
				14A1E099230B89DA00B49413 /* class03-1UITests.xctest */,
			);
			name = Products;
			sourceTree = "<group>";
		};
		14A1E07C230B89DA00B49413 /* class03-1 */ = {
			isa = PBXGroup;
			children = (
				14A1E07D230B89DA00B49413 /* AppDelegate.swift */,
				14A1E07F230B89DA00B49413 /* ViewController.swift */,
				14A1E081230B89DA00B49413 /* Main.storyboard */,
				14A1E084230B89DA00B49413 /* Assets.xcassets */,
				14A1E086230B89DA00B49413 /* LaunchScreen.storyboard */,
				14A1E089230B89DA00B49413 /* Info.plist */,
			);
			path = "class03-1";
			sourceTree = "<group>";
		};
		14A1E091230B89DA00B49413 /* class03-1Tests */ = {
			isa = PBXGroup;
			children = (
				14A1E092230B89DA00B49413 /* class03_1Tests.swift */,
				14A1E094230B89DA00B49413 /* Info.plist */,
			);
			path = "class03-1Tests";
			sourceTree = "<group>";
		};
		14A1E09C230B89DA00B49413 /* class03-1UITests */ = {
			isa = PBXGroup;
			children = (
				14A1E09D230B89DA00B49413 /* class03_1UITests.swift */,
				14A1E09F230B89DA00B49413 /* Info.plist */,
			);
			path = "class03-1UITests";
			sourceTree = "<group>";
		};
/* End PBXGroup section */

/* Begin PBXNativeTarget section */
		14A1E079230B89DA00B49413 /* class03-1 */ = {
			isa = PBXNativeTarget;
			buildConfigurationList = 14A1E0A2230B89DA00B49413 /* Build configuration list for PBXNativeTarget "class03-1" */;
			buildPhases = (
				14A1E076230B89DA00B49413 /* Sources */,
				14A1E077230B89DA00B49413 /* Frameworks */,
				14A1E078230B89DA00B49413 /* Resources */,
			);
			buildRules = (
			);
			dependencies = (
			);
			name = "class03-1";
			productName = "class03-1";
			productReference = 14A1E07A230B89DA00B49413 /* class03-1.app */;
			productType = "com.apple.product-type.application";
		};
		14A1E08D230B89DA00B49413 /* class03-1Tests */ = {
			isa = PBXNativeTarget;
			buildConfigurationList = 14A1E0A5230B89DA00B49413 /* Build configuration list for PBXNativeTarget "class03-1Tests" */;
			buildPhases = (
				14A1E08A230B89DA00B49413 /* Sources */,
				14A1E08B230B89DA00B49413 /* Frameworks */,
				14A1E08C230B89DA00B49413 /* Resources */,
			);
			buildRules = (
			);
			dependencies = (
				14A1E090230B89DA00B49413 /* PBXTargetDependency */,
			);
			name = "class03-1Tests";
			productName = "class03-1Tests";
			productReference = 14A1E08E230B89DA00B49413 /* class03-1Tests.xctest */;
			productType = "com.apple.product-type.bundle.unit-test";
		};
		14A1E098230B89DA00B49413 /* class03-1UITests */ = {
			isa = PBXNativeTarget;
			buildConfigurationList = 14A1E0A8230B89DA00B49413 /* Build configuration list for PBXNativeTarget "class03-1UITests" */;
			buildPhases = (
				14A1E095230B89DA00B49413 /* Sources */,
				14A1E096230B89DA00B49413 /* Frameworks */,
				14A1E097230B89DA00B49413 /* Resources */,
			);
			buildRules = (
			);
			dependencies = (
				14A1E09B230B89DA00B49413 /* PBXTargetDependency */,
			);
			name = "class03-1UITests";
			productName = "class03-1UITests";
			productReference = 14A1E099230B89DA00B49413 /* class03-1UITests.xctest */;
			productType = "com.apple.product-type.bundle.ui-testing";
		};
/* End PBXNativeTarget section */

/* Begin PBXProject section */
		14A1E072230B89DA00B49413 /* Project object */ = {
			isa = PBXProject;
			attributes = {
				LastSwiftUpdateCheck = 1030;
				LastUpgradeCheck = 1030;
				ORGANIZATIONNAME = gis;
				TargetAttributes = {
					14A1E079230B89DA00B49413 = {
						CreatedOnToolsVersion = 10.3;
					};
					14A1E08D230B89DA00B49413 = {
						CreatedOnToolsVersion = 10.3;
						TestTargetID = 14A1E079230B89DA00B49413;
					};
					14A1E098230B89DA00B49413 = {
						CreatedOnToolsVersion = 10.3;
						TestTargetID = 14A1E079230B89DA00B49413;
					};
				};
			};
			buildConfigurationList = 14A1E075230B89DA00B49413 /* Build configuration list for PBXProject "class03-1" */;
			compatibilityVersion = "Xcode 9.3";
			developmentRegion = en;
			hasScannedForEncodings = 0;
			knownRegions = (
				en,
				Base,
			);
			mainGroup = 14A1E071230B89DA00B49413;
			productRefGroup = 14A1E07B230B89DA00B49413 /* Products */;
			projectDirPath = "";
			projectRoot = "";
			targets = (
				14A1E079230B89DA00B49413 /* class03-1 */,
				14A1E08D230B89DA00B49413 /* class03-1Tests */,
				14A1E098230B89DA00B49413 /* class03-1UITests */,
			);
		};
/* End PBXProject section */

/* Begin PBXResourcesBuildPhase section */
		14A1E078230B89DA00B49413 /* Resources */ = {
			isa = PBXResourcesBuildPhase;
			buildActionMask = 2147483647;
			files = (
				14A1E088230B89DA00B49413 /* LaunchScreen.storyboard in Resources */,
				14A1E085230B89DA00B49413 /* Assets.xcassets in Resources */,
				14A1E083230B89DA00B49413 /* Main.storyboard in Resources */,
			);
			runOnlyForDeploymentPostprocessing = 0;
		};
		14A1E08C230B89DA00B49413 /* Resources */ = {
			isa = PBXResourcesBuildPhase;
			buildActionMask = 2147483647;
			files = (
			);
			runOnlyForDeploymentPostprocessing = 0;
		};
		14A1E097230B89DA00B49413 /* Resources */ = {
			isa = PBXResourcesBuildPhase;
			buildActionMask = 2147483647;
			files = (
			);
			runOnlyForDeploymentPostprocessing = 0;
		};
/* End PBXResourcesBuildPhase section */

/* Begin PBXSourcesBuildPhase section */
		14A1E076230B89DA00B49413 /* Sources */ = {
			isa = PBXSourcesBuildPhase;
			buildActionMask = 2147483647;
			files = (
				14A1E080230B89DA00B49413 /* ViewController.swift in Sources */,
				14A1E07E230B89DA00B49413 /* AppDelegate.swift in Sources */,
			);
			runOnlyForDeploymentPostprocessing = 0;
		};
		14A1E08A230B89DA00B49413 /* Sources */ = {
			isa = PBXSourcesBuildPhase;
			buildActionMask = 2147483647;
			files = (
				14A1E093230B89DA00B49413 /* class03_1Tests.swift in Sources */,
			);
			runOnlyForDeploymentPostprocessing = 0;
		};
		14A1E095230B89DA00B49413 /* Sources */ = {
			isa = PBXSourcesBuildPhase;
			buildActionMask = 2147483647;
			files = (
				14A1E09E230B89DA00B49413 /* class03_1UITests.swift in Sources */,
			);
			runOnlyForDeploymentPostprocessing = 0;
		};
/* End PBXSourcesBuildPhase section */

/* Begin PBXTargetDependency section */
		14A1E090230B89DA00B49413 /* PBXTargetDependency */ = {
			isa = PBXTargetDependency;
			target = 14A1E079230B89DA00B49413 /* class03-1 */;
			targetProxy = 14A1E08F230B89DA00B49413 /* PBXContainerItemProxy */;
		};
		14A1E09B230B89DA00B49413 /* PBXTargetDependency */ = {
			isa = PBXTargetDependency;
			target = 14A1E079230B89DA00B49413 /* class03-1 */;
			targetProxy = 14A1E09A230B89DA00B49413 /* PBXContainerItemProxy */;
		};
/* End PBXTargetDependency section */

/* Begin PBXVariantGroup section */
		14A1E081230B89DA00B49413 /* Main.storyboard */ = {
			isa = PBXVariantGroup;
			children = (
				14A1E082230B89DA00B49413 /* Base */,
			);
			name = Main.storyboard;
			sourceTree = "<group>";
		};
		14A1E086230B89DA00B49413 /* LaunchScreen.storyboard */ = {
			isa = PBXVariantGroup;
			children = (
				14A1E087230B89DA00B49413 /* Base */,
			);
			name = LaunchScreen.storyboard;
			sourceTree = "<group>";
		};
/* End PBXVariantGroup section */

/* Begin XCBuildConfiguration section */
		14A1E0A0230B89DA00B49413 /* Debug */ = {
			isa = XCBuildConfiguration;
			buildSettings = {
				ALWAYS_SEARCH_USER_PATHS = NO;
				CLANG_ANALYZER_NONNULL = YES;
				CLANG_ANALYZER_NUMBER_OBJECT_CONVERSION = YES_AGGRESSIVE;
				CLANG_CXX_LANGUAGE_STANDARD = "gnu++14";
				CLANG_CXX_LIBRARY = "libc++";
				CLANG_ENABLE_MODULES = YES;
				CLANG_ENABLE_OBJC_ARC = YES;
				CLANG_ENABLE_OBJC_WEAK = YES;
				CLANG_WARN_BLOCK_CAPTURE_AUTORELEASING = YES;
				CLANG_WARN_BOOL_CONVERSION = YES;
				CLANG_WARN_COMMA = YES;
				CLANG_WARN_CONSTANT_CONVERSION = YES;
				CLANG_WARN_DEPRECATED_OBJC_IMPLEMENTATIONS = YES;
				CLANG_WARN_DIRECT_OBJC_ISA_USAGE = YES_ERROR;
				CLANG_WARN_DOCUMENTATION_COMMENTS = YES;
				CLANG_WARN_EMPTY_BODY = YES;
				CLANG_WARN_ENUM_CONVERSION = YES;
				CLANG_WARN_INFINITE_RECURSION = YES;
				CLANG_WARN_INT_CONVERSION = YES;
				CLANG_WARN_NON_LITERAL_NULL_CONVERSION = YES;
				CLANG_WARN_OBJC_IMPLICIT_RETAIN_SELF = YES;
				CLANG_WARN_OBJC_LITERAL_CONVERSION = YES;
				CLANG_WARN_OBJC_ROOT_CLASS = YES_ERROR;
				CLANG_WARN_RANGE_LOOP_ANALYSIS = YES;
				CLANG_WARN_STRICT_PROTOTYPES = YES;
				CLANG_WARN_SUSPICIOUS_MOVE = YES;
				CLANG_WARN_UNGUARDED_AVAILABILITY = YES_AGGRESSIVE;
				CLANG_WARN_UNREACHABLE_CODE = YES;
				CLANG_WARN__DUPLICATE_METHOD_MATCH = YES;
				CODE_SIGN_IDENTITY = "iPhone Developer";
				COPY_PHASE_STRIP = NO;
				DEBUG_INFORMATION_FORMAT = dwarf;
				ENABLE_STRICT_OBJC_MSGSEND = YES;
				ENABLE_TESTABILITY = YES;
				GCC_C_LANGUAGE_STANDARD = gnu11;
				GCC_DYNAMIC_NO_PIC = NO;
				GCC_NO_COMMON_BLOCKS = YES;
				GCC_OPTIMIZATION_LEVEL = 0;
				GCC_PREPROCESSOR_DEFINITIONS = (
					"DEBUG=1",
					"$(inherited)",
				);
				GCC_WARN_64_TO_32_BIT_CONVERSION = YES;
				GCC_WARN_ABOUT_RETURN_TYPE = YES_ERROR;
				GCC_WARN_UNDECLARED_SELECTOR = YES;
				GCC_WARN_UNINITIALIZED_AUTOS = YES_AGGRESSIVE;
				GCC_WARN_UNUSED_FUNCTION = YES;
				GCC_WARN_UNUSED_VARIABLE = YES;
				IPHONEOS_DEPLOYMENT_TARGET = 12.4;
				MTL_ENABLE_DEBUG_INFO = INCLUDE_SOURCE;
				MTL_FAST_MATH = YES;
				ONLY_ACTIVE_ARCH = YES;
				SDKROOT = iphoneos;
				SWIFT_ACTIVE_COMPILATION_CONDITIONS = DEBUG;
				SWIFT_OPTIMIZATION_LEVEL = "-Onone";
			};
			name = Debug;
		};
		14A1E0A1230B89DA00B49413 /* Release */ = {
			isa = XCBuildConfiguration;
			buildSettings = {
				ALWAYS_SEARCH_USER_PATHS = NO;
				CLANG_ANALYZER_NONNULL = YES;
				CLANG_ANALYZER_NUMBER_OBJECT_CONVERSION = YES_AGGRESSIVE;
				CLANG_CXX_LANGUAGE_STANDARD = "gnu++14";
				CLANG_CXX_LIBRARY = "libc++";
				CLANG_ENABLE_MODULES = YES;
				CLANG_ENABLE_OBJC_ARC = YES;
				CLANG_ENABLE_OBJC_WEAK = YES;
				CLANG_WARN_BLOCK_CAPTURE_AUTORELEASING = YES;
				CLANG_WARN_BOOL_CONVERSION = YES;
				CLANG_WARN_COMMA = YES;
				CLANG_WARN_CONSTANT_CONVERSION = YES;
				CLANG_WARN_DEPRECATED_OBJC_IMPLEMENTATIONS = YES;
				CLANG_WARN_DIRECT_OBJC_ISA_USAGE = YES_ERROR;
				CLANG_WARN_DOCUMENTATION_COMMENTS = YES;
				CLANG_WARN_EMPTY_BODY = YES;
				CLANG_WARN_ENUM_CONVERSION = YES;
				CLANG_WARN_INFINITE_RECURSION = YES;
				CLANG_WARN_INT_CONVERSION = YES;
				CLANG_WARN_NON_LITERAL_NULL_CONVERSION = YES;
				CLANG_WARN_OBJC_IMPLICIT_RETAIN_SELF = YES;
				CLANG_WARN_OBJC_LITERAL_CONVERSION = YES;
				CLANG_WARN_OBJC_ROOT_CLASS = YES_ERROR;
				CLANG_WARN_RANGE_LOOP_ANALYSIS = YES;
				CLANG_WARN_STRICT_PROTOTYPES = YES;
				CLANG_WARN_SUSPICIOUS_MOVE = YES;
				CLANG_WARN_UNGUARDED_AVAILABILITY = YES_AGGRESSIVE;
				CLANG_WARN_UNREACHABLE_CODE = YES;
				CLANG_WARN__DUPLICATE_METHOD_MATCH = YES;
				CODE_SIGN_IDENTITY = "iPhone Developer";
				COPY_PHASE_STRIP = NO;
				DEBUG_INFORMATION_FORMAT = "dwarf-with-dsym";
				ENABLE_NS_ASSERTIONS = NO;
				ENABLE_STRICT_OBJC_MSGSEND = YES;
				GCC_C_LANGUAGE_STANDARD = gnu11;
				GCC_NO_COMMON_BLOCKS = YES;
				GCC_WARN_64_TO_32_BIT_CONVERSION = YES;
				GCC_WARN_ABOUT_RETURN_TYPE = YES_ERROR;
				GCC_WARN_UNDECLARED_SELECTOR = YES;
				GCC_WARN_UNINITIALIZED_AUTOS = YES_AGGRESSIVE;
				GCC_WARN_UNUSED_FUNCTION = YES;
				GCC_WARN_UNUSED_VARIABLE = YES;
				IPHONEOS_DEPLOYMENT_TARGET = 12.4;
				MTL_ENABLE_DEBUG_INFO = NO;
				MTL_FAST_MATH = YES;
				SDKROOT = iphoneos;
				SWIFT_COMPILATION_MODE = wholemodule;
				SWIFT_OPTIMIZATION_LEVEL = "-O";
				VALIDATE_PRODUCT = YES;
			};
			name = Release;
		};
		14A1E0A3230B89DA00B49413 /* Debug */ = {
			isa = XCBuildConfiguration;
			buildSettings = {
				ASSETCATALOG_COMPILER_APPICON_NAME = AppIcon;
				CODE_SIGN_STYLE = Automatic;
				INFOPLIST_FILE = "class03-1/Info.plist";
				LD_RUNPATH_SEARCH_PATHS = (
					"$(inherited)",
					"@executable_path/Frameworks",
				);
				PRODUCT_BUNDLE_IDENTIFIER = "tw.gis.daniel.class03-1";
				PRODUCT_NAME = "$(TARGET_NAME)";
				SWIFT_VERSION = 5.0;
				TARGETED_DEVICE_FAMILY = "1,2";
			};
			name = Debug;
		};
		14A1E0A4230B89DA00B49413 /* Release */ = {
			isa = XCBuildConfiguration;
			buildSettings = {
				ASSETCATALOG_COMPILER_APPICON_NAME = AppIcon;
				CODE_SIGN_STYLE = Automatic;
				INFOPLIST_FILE = "class03-1/Info.plist";
				LD_RUNPATH_SEARCH_PATHS = (
					"$(inherited)",
					"@executable_path/Frameworks",
				);
				PRODUCT_BUNDLE_IDENTIFIER = "tw.gis.daniel.class03-1";
				PRODUCT_NAME = "$(TARGET_NAME)";
				SWIFT_VERSION = 5.0;
				TARGETED_DEVICE_FAMILY = "1,2";
			};
			name = Release;
		};
		14A1E0A6230B89DA00B49413 /* Debug */ = {
			isa = XCBuildConfiguration;
			buildSettings = {
				ALWAYS_EMBED_SWIFT_STANDARD_LIBRARIES = YES;
				BUNDLE_LOADER = "$(TEST_HOST)";
				CODE_SIGN_STYLE = Automatic;
				INFOPLIST_FILE = "class03-1Tests/Info.plist";
				LD_RUNPATH_SEARCH_PATHS = (
					"$(inherited)",
					"@executable_path/Frameworks",
					"@loader_path/Frameworks",
				);
				PRODUCT_BUNDLE_IDENTIFIER = "tw.gis.daniel.class03-1Tests";
				PRODUCT_NAME = "$(TARGET_NAME)";
				SWIFT_VERSION = 5.0;
				TARGETED_DEVICE_FAMILY = "1,2";
				TEST_HOST = "$(BUILT_PRODUCTS_DIR)/class03-1.app/class03-1";
			};
			name = Debug;
		};
		14A1E0A7230B89DA00B49413 /* Release */ = {
			isa = XCBuildConfiguration;
			buildSettings = {
				ALWAYS_EMBED_SWIFT_STANDARD_LIBRARIES = YES;
				BUNDLE_LOADER = "$(TEST_HOST)";
				CODE_SIGN_STYLE = Automatic;
				INFOPLIST_FILE = "class03-1Tests/Info.plist";
				LD_RUNPATH_SEARCH_PATHS = (
					"$(inherited)",
					"@executable_path/Frameworks",
					"@loader_path/Frameworks",
				);
				PRODUCT_BUNDLE_IDENTIFIER = "tw.gis.daniel.class03-1Tests";
				PRODUCT_NAME = "$(TARGET_NAME)";
				SWIFT_VERSION = 5.0;
				TARGETED_DEVICE_FAMILY = "1,2";
				TEST_HOST = "$(BUILT_PRODUCTS_DIR)/class03-1.app/class03-1";
			};
			name = Release;
		};
		14A1E0A9230B89DA00B49413 /* Debug */ = {
			isa = XCBuildConfiguration;
			buildSettings = {
				ALWAYS_EMBED_SWIFT_STANDARD_LIBRARIES = YES;
				CODE_SIGN_STYLE = Automatic;
				INFOPLIST_FILE = "class03-1UITests/Info.plist";
				LD_RUNPATH_SEARCH_PATHS = (
					"$(inherited)",
					"@executable_path/Frameworks",
					"@loader_path/Frameworks",
				);
				PRODUCT_BUNDLE_IDENTIFIER = "tw.gis.daniel.class03-1UITests";
				PRODUCT_NAME = "$(TARGET_NAME)";
				SWIFT_VERSION = 5.0;
				TARGETED_DEVICE_FAMILY = "1,2";
				TEST_TARGET_NAME = "class03-1";
			};
			name = Debug;
		};
		14A1E0AA230B89DA00B49413 /* Release */ = {
			isa = XCBuildConfiguration;
			buildSettings = {
				ALWAYS_EMBED_SWIFT_STANDARD_LIBRARIES = YES;
				CODE_SIGN_STYLE = Automatic;
				INFOPLIST_FILE = "class03-1UITests/Info.plist";
				LD_RUNPATH_SEARCH_PATHS = (
					"$(inherited)",
					"@executable_path/Frameworks",
					"@loader_path/Frameworks",
				);
				PRODUCT_BUNDLE_IDENTIFIER = "tw.gis.daniel.class03-1UITests";
				PRODUCT_NAME = "$(TARGET_NAME)";
				SWIFT_VERSION = 5.0;
				TARGETED_DEVICE_FAMILY = "1,2";
				TEST_TARGET_NAME = "class03-1";
			};
			name = Release;
		};
/* End XCBuildConfiguration section */

/* Begin XCConfigurationList section */
		14A1E075230B89DA00B49413 /* Build configuration list for PBXProject "class03-1" */ = {
			isa = XCConfigurationList;
			buildConfigurations = (
				14A1E0A0230B89DA00B49413 /* Debug */,
				14A1E0A1230B89DA00B49413 /* Release */,
			);
			defaultConfigurationIsVisible = 0;
			defaultConfigurationName = Release;
		};
		14A1E0A2230B89DA00B49413 /* Build configuration list for PBXNativeTarget "class03-1" */ = {
			isa = XCConfigurationList;
			buildConfigurations = (
				14A1E0A3230B89DA00B49413 /* Debug */,
				14A1E0A4230B89DA00B49413 /* Release */,
			);
			defaultConfigurationIsVisible = 0;
			defaultConfigurationName = Release;
		};
		14A1E0A5230B89DA00B49413 /* Build configuration list for PBXNativeTarget "class03-1Tests" */ = {
			isa = XCConfigurationList;
			buildConfigurations = (
				14A1E0A6230B89DA00B49413 /* Debug */,
				14A1E0A7230B89DA00B49413 /* Release */,
			);
			defaultConfigurationIsVisible = 0;
			defaultConfigurationName = Release;
		};
		14A1E0A8230B89DA00B49413 /* Build configuration list for PBXNativeTarget "class03-1UITests" */ = {
			isa = XCConfigurationList;
			buildConfigurations = (
				14A1E0A9230B89DA00B49413 /* Debug */,
				14A1E0AA230B89DA00B49413 /* Release */,
			);
			defaultConfigurationIsVisible = 0;
			defaultConfigurationName = Release;
		};
/* End XCConfigurationList section */
	};
	rootObject = 14A1E072230B89DA00B49413 /* Project object */;
}
